
Microsoft Visual Studio Solution File, Format Version 12.00
# Visual Studio Version 17
VisualStudioVersion = 17.14.36401.2 d17.14
MinimumVisualStudioVersion = 10.0.40219.1
Project("{FAE04EC0-301F-11D3-BF4B-00C04F79EFBC}") = "Cars.PL", "Cars.PL\Cars.PL.csproj", "{B0A2488A-1725-4909-BE74-1181DEB9226B}"
EndProject
Project("{FAE04EC0-301F-11D3-BF4B-00C04F79EFBC}") = "Cars.DAL", "Cars.DAL\Cars.DAL.csproj", "{014EAEAA-28BA-4C77-BF08-D4780D4192BA}"
EndProject
Project("{FAE04EC0-301F-11D3-BF4B-00C04F79EFBC}") = "Cars.BLL", "Cars.BLL\Cars.BLL.csproj", "{D425FB65-EEE8-4AB7-A02D-7DCEF889BF6A}"
EndProject
Global
	GlobalSection(SolutionConfigurationPlatforms) = preSolution
		Debug|Any CPU = Debug|Any CPU
		Release|Any CPU = Release|Any CPU
	EndGlobalSection
	GlobalSection(ProjectConfigurationPlatforms) = postSolution
		{B0A2488A-1725-4909-BE74-1181DEB9226B}.Debug|Any CPU.ActiveCfg = Debug|Any CPU
		{B0A2488A-1725-4909-BE74-1181DEB9226B}.Debug|Any CPU.Build.0 = Debug|Any CPU
		{B0A2488A-1725-4909-BE74-1181DEB9226B}.Release|Any CPU.ActiveCfg = Release|Any CPU
		{B0A2488A-1725-4909-BE74-1181DEB9226B}.Release|Any CPU.Build.0 = Release|Any CPU
		{014EAEAA-28BA-4C77-BF08-D4780D4192BA}.Debug|Any CPU.ActiveCfg = Debug|Any CPU
		{014EAEAA-28BA-4C77-BF08-D4780D4192BA}.Debug|Any CPU.Build.0 = Debug|Any CPU
		{014EAEAA-28BA-4C77-BF08-D4780D4192BA}.Release|Any CPU.ActiveCfg = Release|Any CPU
		{014EAEAA-28BA-4C77-BF08-D4780D4192BA}.Release|Any CPU.Build.0 = Release|Any CPU
		{D425FB65-EEE8-4AB7-A02D-7DCEF889BF6A}.Debug|Any CPU.ActiveCfg = Debug|Any CPU
		{D425FB65-EEE8-4AB7-A02D-7DCEF889BF6A}.Debug|Any CPU.Build.0 = Debug|Any CPU
		{D425FB65-EEE8-4AB7-A02D-7DCEF889BF6A}.Release|Any CPU.ActiveCfg = Release|Any CPU
		{D425FB65-EEE8-4AB7-A02D-7DCEF889BF6A}.Release|Any CPU.Build.0 = Release|Any CPU
	EndGlobalSection
	GlobalSection(SolutionProperties) = preSolution
		HideSolutionNode = FALSE
	EndGlobalSection
	GlobalSection(ExtensibilityGlobals) = postSolution
		SolutionGuid = {2E4D4418-7129-40DC-8EB5-993BD08F095E}
	EndGlobalSection
EndGlobal
